// !$*UTF8*$!
{
	archiveVersion = 1;
	classes = {
	};
	objectVersion = 46;
	objects = {

/* Begin PBXBuildFile section */
		A82110C319416F2800E3B9C9 /* Main.storyboard in Resources */ = {isa = PBXBuildFile; fileRef = A82110C219416F2800E3B9C9 /* Main.storyboard */; };
		A8302AD5182C869500ED6277 /* Foundation.framework in Frameworks */ = {isa = PBXBuildFile; fileRef = A8302AD4182C869500ED6277 /* Foundation.framework */; };
		A8302AD7182C869500ED6277 /* CoreGraphics.framework in Frameworks */ = {isa = PBXBuildFile; fileRef = A8302AD6182C869500ED6277 /* CoreGraphics.framework */; };
		A8302AD9182C869500ED6277 /* UIKit.framework in Frameworks */ = {isa = PBXBuildFile; fileRef = A8302AD8182C869500ED6277 /* UIKit.framework */; };
		A8302ADF182C869500ED6277 /* InfoPlist.strings in Resources */ = {isa = PBXBuildFile; fileRef = A8302ADD182C869500ED6277 /* InfoPlist.strings */; };
		A8302AE1182C869500ED6277 /* main.m in Sources */ = {isa = PBXBuildFile; fileRef = A8302AE0182C869500ED6277 /* main.m */; };
		A8302AE5182C869500ED6277 /* AppDelegate.m in Sources */ = {isa = PBXBuildFile; fileRef = A8302AE4182C869500ED6277 /* AppDelegate.m */; };
		A8302AE7182C869500ED6277 /* Images.xcassets in Resources */ = {isa = PBXBuildFile; fileRef = A8302AE6182C869500ED6277 /* Images.xcassets */; };
		A8302AEE182C869500ED6277 /* XCTest.framework in Frameworks */ = {isa = PBXBuildFile; fileRef = A8302AED182C869500ED6277 /* XCTest.framework */; };
		A8302AEF182C869500ED6277 /* Foundation.framework in Frameworks */ = {isa = PBXBuildFile; fileRef = A8302AD4182C869500ED6277 /* Foundation.framework */; };
		A8302AF0182C869500ED6277 /* UIKit.framework in Frameworks */ = {isa = PBXBuildFile; fileRef = A8302AD8182C869500ED6277 /* UIKit.framework */; };
		A8302AF8182C869500ED6277 /* InfoPlist.strings in Resources */ = {isa = PBXBuildFile; fileRef = A8302AF6182C869500ED6277 /* InfoPlist.strings */; };
		A8302AFA182C869500ED6277 /* ToDoListTests.m in Sources */ = {isa = PBXBuildFile; fileRef = A8302AF9182C869500ED6277 /* ToDoListTests.m */; };
/* End PBXBuildFile section */

/* Begin PBXContainerItemProxy section */
		A8302AF1182C869500ED6277 /* PBXContainerItemProxy */ = {
			isa = PBXContainerItemProxy;
			containerPortal = A8302AC9182C869400ED6277 /* Project object */;
			proxyType = 1;
			remoteGlobalIDString = A8302AD0182C869500ED6277;
			remoteInfo = ToDoList;
		};
/* End PBXContainerItemProxy section */

/* Begin PBXFileReference section */
		A82110C219416F2800E3B9C9 /* Main.storyboard */ = {isa = PBXFileReference; fileEncoding = 4; lastKnownFileType = file.storyboard; path = Main.storyboard; sourceTree = "<group>"; };
		A8302AD1182C869500ED6277 /* ToDoList.app */ = {isa = PBXFileReference; explicitFileType = wrapper.application; includeInIndex = 0; path = ToDoList.app; sourceTree = BUILT_PRODUCTS_DIR; };
		A8302AD4182C869500ED6277 /* Foundation.framework */ = {isa = PBXFileReference; lastKnownFileType = wrapper.framework; name = Foundation.framework; path = System/Library/Frameworks/Foundation.framework; sourceTree = SDKROOT; };
		A8302AD6182C869500ED6277 /* CoreGraphics.framework */ = {isa = PBXFileReference; lastKnownFileType = wrapper.framework; name = CoreGraphics.framework; path = System/Library/Frameworks/CoreGraphics.framework; sourceTree = SDKROOT; };
		A8302AD8182C869500ED6277 /* UIKit.framework */ = {isa = PBXFileReference; lastKnownFileType = wrapper.framework; name = UIKit.framework; path = System/Library/Frameworks/UIKit.framework; sourceTree = SDKROOT; };
		A8302ADC182C869500ED6277 /* ToDoList-Info.plist */ = {isa = PBXFileReference; lastKnownFileType = text.plist.xml; path = "ToDoList-Info.plist"; sourceTree = "<group>"; };
		A8302ADE182C869500ED6277 /* en */ = {isa = PBXFileReference; lastKnownFileType = text.plist.strings; name = en; path = en.lproj/InfoPlist.strings; sourceTree = "<group>"; };
		A8302AE0182C869500ED6277 /* main.m */ = {isa = PBXFileReference; lastKnownFileType = sourcecode.c.objc; path = main.m; sourceTree = "<group>"; };
		A8302AE2182C869500ED6277 /* ToDoList-Prefix.pch */ = {isa = PBXFileReference; lastKnownFileType = sourcecode.c.h; path = "ToDoList-Prefix.pch"; sourceTree = "<group>"; };
		A8302AE3182C869500ED6277 /* AppDelegate.h */ = {isa = PBXFileReference; lastKnownFileType = sourcecode.c.h; path = AppDelegate.h; sourceTree = "<group>"; };
		A8302AE4182C869500ED6277 /* AppDelegate.m */ = {isa = PBXFileReference; lastKnownFileType = sourcecode.c.objc; path = AppDelegate.m; sourceTree = "<group>"; };
		A8302AE6182C869500ED6277 /* Images.xcassets */ = {isa = PBXFileReference; lastKnownFileType = folder.assetcatalog; path = Images.xcassets; sourceTree = "<group>"; };
		A8302AEC182C869500ED6277 /* ToDoListTests.xctest */ = {isa = PBXFileReference; explicitFileType = wrapper.cfbundle; includeInIndex = 0; path = ToDoListTests.xctest; sourceTree = BUILT_PRODUCTS_DIR; };
		A8302AED182C869500ED6277 /* XCTest.framework */ = {isa = PBXFileReference; lastKnownFileType = wrapper.framework; name = XCTest.framework; path = Library/Frameworks/XCTest.framework; sourceTree = DEVELOPER_DIR; };
		A8302AF5182C869500ED6277 /* ToDoListTests-Info.plist */ = {isa = PBXFileReference; lastKnownFileType = text.plist.xml; path = "ToDoListTests-Info.plist"; sourceTree = "<group>"; };
		A8302AF7182C869500ED6277 /* en */ = {isa = PBXFileReference; lastKnownFileType = text.plist.strings; name = en; path = en.lproj/InfoPlist.strings; sourceTree = "<group>"; };
		A8302AF9182C869500ED6277 /* ToDoListTests.m */ = {isa = PBXFileReference; lastKnownFileType = sourcecode.c.objc; path = ToDoListTests.m; sourceTree = "<group>"; };
/* End PBXFileReference section */

/* Begin PBXFrameworksBuildPhase section */
		A8302ACE182C869500ED6277 /* Frameworks */ = {
			isa = PBXFrameworksBuildPhase;
			buildActionMask = 2147483647;
			files = (
				A8302AD7182C869500ED6277 /* CoreGraphics.framework in Frameworks */,
				A8302AD9182C869500ED6277 /* UIKit.framework in Frameworks */,
				A8302AD5182C869500ED6277 /* Foundation.framework in Frameworks */,
			);
			runOnlyForDeploymentPostprocessing = 0;
		};
		A8302AE9182C869500ED6277 /* Frameworks */ = {
			isa = PBXFrameworksBuildPhase;
			buildActionMask = 2147483647;
			files = (
				A8302AEE182C869500ED6277 /* XCTest.framework in Frameworks */,
				A8302AF0182C869500ED6277 /* UIKit.framework in Frameworks */,
				A8302AEF182C869500ED6277 /* Foundation.framework in Frameworks */,
			);
			runOnlyForDeploymentPostprocessing = 0;
		};
/* End PBXFrameworksBuildPhase section */

/* Begin PBXGroup section */
		A8302AC8182C869400ED6277 = {
			isa = PBXGroup;
			children = (
				A8302ADA182C869500ED6277 /* ToDoList */,
				A8302AF3182C869500ED6277 /* ToDoListTests */,
				A8302AD3182C869500ED6277 /* Frameworks */,
				A8302AD2182C869500ED6277 /* Products */,
			);
			sourceTree = "<group>";
		};
		A8302AD2182C869500ED6277 /* Products */ = {
			isa = PBXGroup;
			children = (
				A8302AD1182C869500ED6277 /* ToDoList.app */,
				A8302AEC182C869500ED6277 /* ToDoListTests.xctest */,
			);
			name = Products;
			sourceTree = "<group>";
		};
		A8302AD3182C869500ED6277 /* Frameworks */ = {
			isa = PBXGroup;
			children = (
				A8302AD4182C869500ED6277 /* Foundation.framework */,
				A8302AD6182C869500ED6277 /* CoreGraphics.framework */,
				A8302AD8182C869500ED6277 /* UIKit.framework */,
				A8302AED182C869500ED6277 /* XCTest.framework */,
			);
			name = Frameworks;
			sourceTree = "<group>";
		};
		A8302ADA182C869500ED6277 /* ToDoList */ = {
			isa = PBXGroup;
			children = (
				A8302AE3182C869500ED6277 /* AppDelegate.h */,
				A8302AE4182C869500ED6277 /* AppDelegate.m */,
				A82110C219416F2800E3B9C9 /* Main.storyboard */,
				A8302AE6182C869500ED6277 /* Images.xcassets */,
				A8302ADB182C869500ED6277 /* Supporting Files */,
			);
			path = ToDoList;
			sourceTree = "<group>";
		};
		A8302ADB182C869500ED6277 /* Supporting Files */ = {
			isa = PBXGroup;
			children = (
				A8302ADC182C869500ED6277 /* ToDoList-Info.plist */,
				A8302ADD182C869500ED6277 /* InfoPlist.strings */,
				A8302AE0182C869500ED6277 /* main.m */,
				A8302AE2182C869500ED6277 /* ToDoList-Prefix.pch */,
			);
			name = "Supporting Files";
			sourceTree = "<group>";
		};
		A8302AF3182C869500ED6277 /* ToDoListTests */ = {
			isa = PBXGroup;
			children = (
				A8302AF9182C869500ED6277 /* ToDoListTests.m */,
				A8302AF4182C869500ED6277 /* Supporting Files */,
			);
			path = ToDoListTests;
			sourceTree = "<group>";
		};
		A8302AF4182C869500ED6277 /* Supporting Files */ = {
			isa = PBXGroup;
			children = (
				A8302AF5182C869500ED6277 /* ToDoListTests-Info.plist */,
				A8302AF6182C869500ED6277 /* InfoPlist.strings */,
			);
			name = "Supporting Files";
			sourceTree = "<group>";
		};
/* End PBXGroup section */

/* Begin PBXNativeTarget section */
		A8302AD0182C869500ED6277 /* ToDoList */ = {
			isa = PBXNativeTarget;
			buildConfigurationList = A8302AFD182C869500ED6277 /* Build configuration list for PBXNativeTarget "ToDoList" */;
			buildPhases = (
				A8302ACD182C869500ED6277 /* Sources */,
				A8302ACE182C869500ED6277 /* Frameworks */,
				A8302ACF182C869500ED6277 /* Resources */,
			);
			buildRules = (
			);
			dependencies = (
			);
			name = ToDoList;
			productName = ToDoList;
			productReference = A8302AD1182C869500ED6277 /* ToDoList.app */;
			productType = "com.apple.product-type.application";
		};
		A8302AEB182C869500ED6277 /* ToDoListTests */ = {
			isa = PBXNativeTarget;
			buildConfigurationList = A8302B00182C869500ED6277 /* Build configuration list for PBXNativeTarget "ToDoListTests" */;
			buildPhases = (
				A8302AE8182C869500ED6277 /* Sources */,
				A8302AE9182C869500ED6277 /* Frameworks */,
				A8302AEA182C869500ED6277 /* Resources */,
			);
			buildRules = (
			);
			dependencies = (
				A8302AF2182C869500ED6277 /* PBXTargetDependency */,
			);
			name = ToDoListTests;
			productName = ToDoListTests;
			productReference = A8302AEC182C869500ED6277 /* ToDoListTests.xctest */;
			productType = "com.apple.product-type.bundle.unit-test";
		};
/* End PBXNativeTarget section */

/* Begin PBXProject section */
		A8302AC9182C869400ED6277 /* Project object */ = {
			isa = PBXProject;
			attributes = {
				LastUpgradeCheck = 0500;
				ORGANIZATIONNAME = "Jay Glose";
				TargetAttributes = {
					A8302AEB182C869500ED6277 = {
						TestTargetID = A8302AD0182C869500ED6277;
					};
				};
			};
			buildConfigurationList = A8302ACC182C869400ED6277 /* Build configuration list for PBXProject "ToDoList" */;
			compatibilityVersion = "Xcode 3.2";
			developmentRegion = English;
			hasScannedForEncodings = 0;
			knownRegions = (
				en,
			);
			mainGroup = A8302AC8182C869400ED6277;
			productRefGroup = A8302AD2182C869500ED6277 /* Products */;
			projectDirPath = "";
			projectRoot = "";
			targets = (
				A8302AD0182C869500ED6277 /* ToDoList */,
				A8302AEB182C869500ED6277 /* ToDoListTests */,
			);
		};
/* End PBXProject section */

/* Begin PBXResourcesBuildPhase section */
		A8302ACF182C869500ED6277 /* Resources */ = {
			isa = PBXResourcesBuildPhase;
			buildActionMask = 2147483647;
			files = (
				A82110C319416F2800E3B9C9 /* Main.storyboard in Resources */,
				A8302ADF182C869500ED6277 /* InfoPlist.strings in Resources */,
				A8302AE7182C869500ED6277 /* Images.xcassets in Resources */,
			);
			runOnlyForDeploymentPostprocessing = 0;
		};
		A8302AEA182C869500ED6277 /* Resources */ = {
			isa = PBXResourcesBuildPhase;
			buildActionMask = 2147483647;
			files = (
				A8302AF8182C869500ED6277 /* InfoPlist.strings in Resources */,
			);
			runOnlyForDeploymentPostprocessing = 0;
		};
/* End PBXResourcesBuildPhase section */

/* Begin PBXSourcesBuildPhase section */
		A8302ACD182C869500ED6277 /* Sources */ = {
			isa = PBXSourcesBuildPhase;
			buildActionMask = 2147483647;
			files = (
				A8302AE5182C869500ED6277 /* AppDelegate.m in Sources */,
				A8302AE1182C869500ED6277 /* main.m in Sources */,
			);
			runOnlyForDeploymentPostprocessing = 0;
		};
		A8302AE8182C869500ED6277 /* Sources */ = {
			isa = PBXSourcesBuildPhase;
			buildActionMask = 2147483647;
			files = (
				A8302AFA182C869500ED6277 /* ToDoListTests.m in Sources */,
			);
			runOnlyForDeploymentPostprocessing = 0;
		};
/* End PBXSourcesBuildPhase section */

/* Begin PBXTargetDependency section */
		A8302AF2182C869500ED6277 /* PBXTargetDependency */ = {
			isa = PBXTargetDependency;
			target = A8302AD0182C869500ED6277 /* ToDoList */;
			targetProxy = A8302AF1182C869500ED6277 /* PBXContainerItemProxy */;
		};
/* End PBXTargetDependency section */

/* Begin PBXVariantGroup section */
		A8302ADD182C869500ED6277 /* InfoPlist.strings */ = {
			isa = PBXVariantGroup;
			children = (
				A8302ADE182C869500ED6277 /* en */,
			);
			name = InfoPlist.strings;
			sourceTree = "<group>";
		};
		A8302AF6182C869500ED6277 /* InfoPlist.strings */ = {
			isa = PBXVariantGroup;
			children = (
				A8302AF7182C869500ED6277 /* en */,
			);
			name = InfoPlist.strings;
			sourceTree = "<group>";
		};
/* End PBXVariantGroup section */

/* Begin XCBuildConfiguration section */
		A8302AFB182C869500ED6277 /* Debug */ = {
			isa = XCBuildConfiguration;
			buildSettings = {
				ALWAYS_SEARCH_USER_PATHS = NO;
				ARCHS = "$(ARCHS_STANDARD_INCLUDING_64_BIT)";
				CLANG_CXX_LANGUAGE_STANDARD = "gnu++0x";
				CLANG_CXX_LIBRARY = "libc++";
				CLANG_ENABLE_MODULES = YES;
				CLANG_ENABLE_OBJC_ARC = YES;
				CLANG_WARN_BOOL_CONVERSION = YES;
				CLANG_WARN_CONSTANT_CONVERSION = YES;
				CLANG_WARN_DIRECT_OBJC_ISA_USAGE = YES_ERROR;
				CLANG_WARN_EMPTY_BODY = YES;
				CLANG_WARN_ENUM_CONVERSION = YES;
				CLANG_WARN_INT_CONVERSION = YES;
				CLANG_WARN_OBJC_ROOT_CLASS = YES_ERROR;
				CLANG_WARN__DUPLICATE_METHOD_MATCH = YES;
				"CODE_SIGN_IDENTITY[sdk=iphoneos*]" = "iPhone Developer";
				COPY_PHASE_STRIP = NO;
				GCC_C_LANGUAGE_STANDARD = gnu99;
				GCC_DYNAMIC_NO_PIC = NO;
				GCC_OPTIMIZATION_LEVEL = 0;
				GCC_PREPROCESSOR_DEFINITIONS = (
					"DEBUG=1",
					"$(inherited)",
				);
				GCC_SYMBOLS_PRIVATE_EXTERN = NO;
				GCC_WARN_64_TO_32_BIT_CONVERSION = YES;
				GCC_WARN_ABOUT_RETURN_TYPE = YES_ERROR;
				GCC_WARN_UNDECLARED_SELECTOR = YES;
				GCC_WARN_UNINITIALIZED_AUTOS = YES;
				GCC_WARN_UNUSED_FUNCTION = YES;
				GCC_WARN_UNUSED_VARIABLE = YES;
				IPHONEOS_DEPLOYMENT_TARGET = 7.0;
				ONLY_ACTIVE_ARCH = YES;
				SDKROOT = iphoneos;
			};
			name = Debug;
		};
		A8302AFC182C869500ED6277 /* Release */ = {
			isa = XCBuildConfiguration;
			buildSettings = {
				ALWAYS_SEARCH_USER_PATHS = NO;
				ARCHS = "$(ARCHS_STANDARD_INCLUDING_64_BIT)";
				CLANG_CXX_LANGUAGE_STANDARD = "gnu++0x";
				CLANG_CXX_LIBRARY = "libc++";
				CLANG_ENABLE_MODULES = YES;
				CLANG_ENABLE_OBJC_ARC = YES;
				CLANG_WARN_BOOL_CONVERSION = YES;
				CLANG_WARN_CONSTANT_CONVERSION = YES;
				CLANG_WARN_DIRECT_OBJC_ISA_USAGE = YES_ERROR;
				CLANG_WARN_EMPTY_BODY = YES;
				CLANG_WARN_ENUM_CONVERSION = YES;
				CLANG_WARN_INT_CONVERSION = YES;
				CLANG_WARN_OBJC_ROOT_CLASS = YES_ERROR;
				CLANG_WARN__DUPLICATE_METHOD_MATCH = YES;
				"CODE_SIGN_IDENTITY[sdk=iphoneos*]" = "iPhone Developer";
				COPY_PHASE_STRIP = YES;
				ENABLE_NS_ASSERTIONS = NO;
				GCC_C_LANGUAGE_STANDARD = gnu99;
				GCC_WARN_64_TO_32_BIT_CONVERSION = YES;
				GCC_WARN_ABOUT_RETURN_TYPE = YES_ERROR;
				GCC_WARN_UNDECLARED_SELECTOR = YES;
				GCC_WARN_UNINITIALIZED_AUTOS = YES;
				GCC_WARN_UNUSED_FUNCTION = YES;
				GCC_WARN_UNUSED_VARIABLE = YES;
				IPHONEOS_DEPLOYMENT_TARGET = 7.0;
				SDKROOT = iphoneos;
				VALIDATE_PRODUCT = YES;
			};
			name = Release;
		};
		A8302AFE182C869500ED6277 /* Debug */ = {
			isa = XCBuildConfiguration;
			buildSettings = {
				ASSETCATALOG_COMPILER_APPICON_NAME = AppIcon;
				ASSETCATALOG_COMPILER_LAUNCHIMAGE_NAME = LaunchImage;
				GCC_PRECOMPILE_PREFIX_HEADER = YES;
				GCC_PREFIX_HEADER = "ToDoList/ToDoList-Prefix.pch";
				INFOPLIST_FILE = "ToDoList/ToDoList-Info.plist";
				PRODUCT_NAME = "$(TARGET_NAME)";
				WRAPPER_EXTENSION = app;
			};
			name = Debug;
		};
		A8302AFF182C869500ED6277 /* Release */ = {
			isa = XCBuildConfiguration;
			buildSettings = {
				ASSETCATALOG_COMPILER_APPICON_NAME = AppIcon;
				ASSETCATALOG_COMPILER_LAUNCHIMAGE_NAME = LaunchImage;
				GCC_PRECOMPILE_PREFIX_HEADER = YES;
				GCC_PREFIX_HEADER = "ToDoList/ToDoList-Prefix.pch";
				INFOPLIST_FILE = "ToDoList/ToDoList-Info.plist";
				PRODUCT_NAME = "$(TARGET_NAME)";
				WRAPPER_EXTENSION = app;
			};
			name = Release;
		};
		A8302B01182C869500ED6277 /* Debug */ = {
			isa = XCBuildConfiguration;
			buildSettings = {
				ARCHS = "$(ARCHS_STANDARD_INCLUDING_64_BIT)";
				BUNDLE_LOADER = "$(BUILT_PRODUCTS_DIR)/ToDoList.app/ToDoList";
				FRAMEWORK_SEARCH_PATHS = (
					"$(SDKROOT)/Developer/Library/Frameworks",
					"$(inherited)",
					"$(DEVELOPER_FRAMEWORKS_DIR)",
				);
				GCC_PRECOMPILE_PREFIX_HEADER = YES;
				GCC_PREFIX_HEADER = "ToDoList/ToDoList-Prefix.pch";
				GCC_PREPROCESSOR_DEFINITIONS = (
					"DEBUG=1",
					"$(inherited)",
				);
				INFOPLIST_FILE = "ToDoListTests/ToDoListTests-Info.plist";
				PRODUCT_NAME = "$(TARGET_NAME)";
				TEST_HOST = "$(BUNDLE_LOADER)";
				WRAPPER_EXTENSION = xctest;
			};
			name = Debug;
		};
		A8302B02182C869500ED6277 /* Release */ = {
			isa = XCBuildConfiguration;
			buildSettings = {
				ARCHS = "$(ARCHS_STANDARD_INCLUDING_64_BIT)";
				BUNDLE_LOADER = "$(BUILT_PRODUCTS_DIR)/ToDoList.app/ToDoList";
				FRAMEWORK_SEARCH_PATHS = (
					"$(SDKROOT)/Developer/Library/Frameworks",
					"$(inherited)",
					"$(DEVELOPER_FRAMEWORKS_DIR)",
				);
				GCC_PRECOMPILE_PREFIX_HEADER = YES;
				GCC_PREFIX_HEADER = "ToDoList/ToDoList-Prefix.pch";
				INFOPLIST_FILE = "ToDoListTests/ToDoListTests-Info.plist";
				PRODUCT_NAME = "$(TARGET_NAME)";
				TEST_HOST = "$(BUNDLE_LOADER)";
				WRAPPER_EXTENSION = xctest;
			};
			name = Release;
		};
/* End XCBuildConfiguration section */

/* Begin XCConfigurationList section */
		A8302ACC182C869400ED6277 /* Build configuration list for PBXProject "ToDoList" */ = {
			isa = XCConfigurationList;
			buildConfigurations = (
				A8302AFB182C869500ED6277 /* Debug */,
				A8302AFC182C869500ED6277 /* Release */,
			);
			defaultConfigurationIsVisible = 0;
			defaultConfigurationName = Release;
		};
		A8302AFD182C869500ED6277 /* Build configuration list for PBXNativeTarget "ToDoList" */ = {
			isa = XCConfigurationList;
			buildConfigurations = (
				A8302AFE182C869500ED6277 /* Debug */,
				A8302AFF182C869500ED6277 /* Release */,
			);
			defaultConfigurationIsVisible = 0;
			defaultConfigurationName = Release;
		};
		A8302B00182C869500ED6277 /* Build configuration list for PBXNativeTarget "ToDoListTests" */ = {
			isa = XCConfigurationList;
			buildConfigurations = (
				A8302B01182C869500ED6277 /* Debug */,
				A8302B02182C869500ED6277 /* Release */,
			);
			defaultConfigurationIsVisible = 0;
			defaultConfigurationName = Release;
		};
/* End XCConfigurationList section */
	};
	rootObject = A8302AC9182C869400ED6277 /* Project object */;
}
